
Microsoft Visual Studio Solution File, Format Version 12.00
# Visual Studio Version 17
VisualStudioVersion = 17.0.32112.339
MinimumVisualStudioVersion = 10.0.40219.1
Project("{FAE04EC0-301F-11D3-BF4B-00C04F79EFBC}") = "SnakeLadder", "SnakeLadder.csproj", "{6B617E27-2EBD-4233-AA81-54ECF1302FE3}"
EndProject
Global
	GlobalSection(SolutionConfigurationPlatforms) = preSolution
		Debug|Any CPU = Debug|Any CPU
		Release|Any CPU = Release|Any CPU
	EndGlobalSection
	GlobalSection(ProjectConfigurationPlatforms) = postSolution
		{6B617E27-2EBD-4233-AA81-54ECF1302FE3}.Debug|Any CPU.ActiveCfg = Debug|Any CPU
		{6B617E27-2EBD-4233-AA81-54ECF1302FE3}.Debug|Any CPU.Build.0 = Debug|Any CPU
		{6B617E27-2EBD-4233-AA81-54ECF1302FE3}.Release|Any CPU.ActiveCfg = Release|Any CPU
		{6B617E27-2EBD-4233-AA81-54ECF1302FE3}.Release|Any CPU.Build.0 = Release|Any CPU
	EndGlobalSection
	GlobalSection(SolutionProperties) = preSolution
		HideSolutionNode = FALSE
	EndGlobalSection
	GlobalSection(ExtensibilityGlobals) = postSolution
		SolutionGuid = {8EA00097-6518-4582-97DC-D1FFAF34C497}
	EndGlobalSection
EndGlobal
